Microsoft Visual Studio Solution File, Format Version 10.00
# Visual Studio 2008

Project("{7157F4BB-40A9-6D31-0632-223935AB84AD}") = "GoldRush", "GoldRush.csproj", "{FA6E4C68-FB7D-C8D0-6D78-B6DA3458D6ED}"
EndProject
Global
	GlobalSection(SolutionConfigurationPlatforms) = preSolution
		Debug|Any CPU = Debug|Any CPU
		Release|Any CPU = Release|Any CPU
	EndGlobalSection
	GlobalSection(ProjectConfigurationPlatforms) = postSolution
		{FA6E4C68-FB7D-C8D0-6D78-B6DA3458D6ED}.Debug|Any CPU.ActiveCfg = Debug|Any CPU
		{FA6E4C68-FB7D-C8D0-6D78-B6DA3458D6ED}.Debug|Any CPU.Build.0 = Debug|Any CPU
		{FA6E4C68-FB7D-C8D0-6D78-B6DA3458D6ED}.Release|Any CPU.ActiveCfg = Release|Any CPU
		{FA6E4C68-FB7D-C8D0-6D78-B6DA3458D6ED}.Release|Any CPU.Build.0 = Release|Any CPU
	EndGlobalSection
	GlobalSection(SolutionProperties) = preSolution
		HideSolutionNode = FALSE
	EndGlobalSection
	
EndGlobal
