Microsoft Visual Studio Solution File, Format Version 11.00
# Visual Studio 2008

Project("{7157F4BB-40A9-6D31-0632-223935AB84AD}") = "GoldRush", "Assembly-CSharp-firstpass.csproj", "{B81FA91E-71C4-396C-3466-71C942A69755}"
EndProject
Project("{7157F4BB-40A9-6D31-0632-223935AB84AD}") = "GoldRush", "Assembly-CSharp.csproj", "{114DBB19-96F0-C20F-A4FB-A316CFC2F7DC}"
EndProject
Project("{7157F4BB-40A9-6D31-0632-223935AB84AD}") = "GoldRush", "Assembly-UnityScript-firstpass.unityproj", "{1EC49710-057F-9F80-A517-2A3DE90D407A}"
EndProject
Global
	GlobalSection(SolutionConfigurationPlatforms) = preSolution
		Debug|Any CPU = Debug|Any CPU
		Release|Any CPU = Release|Any CPU
	EndGlobalSection
	GlobalSection(ProjectConfigurationPlatforms) = postSolution
		{B81FA91E-71C4-396C-3466-71C942A69755}.Debug|Any CPU.ActiveCfg = Debug|Any CPU
		{B81FA91E-71C4-396C-3466-71C942A69755}.Debug|Any CPU.Build.0 = Debug|Any CPU
		{B81FA91E-71C4-396C-3466-71C942A69755}.Release|Any CPU.ActiveCfg = Release|Any CPU
		{B81FA91E-71C4-396C-3466-71C942A69755}.Release|Any CPU.Build.0 = Release|Any CPU
		{114DBB19-96F0-C20F-A4FB-A316CFC2F7DC}.Debug|Any CPU.ActiveCfg = Debug|Any CPU
		{114DBB19-96F0-C20F-A4FB-A316CFC2F7DC}.Debug|Any CPU.Build.0 = Debug|Any CPU
		{114DBB19-96F0-C20F-A4FB-A316CFC2F7DC}.Release|Any CPU.ActiveCfg = Release|Any CPU
		{114DBB19-96F0-C20F-A4FB-A316CFC2F7DC}.Release|Any CPU.Build.0 = Release|Any CPU
		{1EC49710-057F-9F80-A517-2A3DE90D407A}.Debug|Any CPU.ActiveCfg = Debug|Any CPU
		{1EC49710-057F-9F80-A517-2A3DE90D407A}.Debug|Any CPU.Build.0 = Debug|Any CPU
		{1EC49710-057F-9F80-A517-2A3DE90D407A}.Release|Any CPU.ActiveCfg = Release|Any CPU
		{1EC49710-057F-9F80-A517-2A3DE90D407A}.Release|Any CPU.Build.0 = Release|Any CPU
	EndGlobalSection
	GlobalSection(SolutionProperties) = preSolution
		HideSolutionNode = FALSE
	EndGlobalSection
	
EndGlobal
